
Microsoft Visual Studio Solution File, Format Version 12.00
# Visual Studio Version 17
VisualStudioVersion = 17.7.34221.43
MinimumVisualStudioVersion = 10.0.40219.1
Project("{9A19103F-16F7-4668-BE54-9A1E7A4F7556}") = "DummyMSRestApi", "DummyMSRestApi\DummyMSRestApi.csproj", "{439242BC-117E-450D-B452-72FBCDE20A8C}"
EndProject
Project("{FAE04EC0-301F-11D3-BF4B-00C04F79EFBC}") = "DummyMSRestApi.Data", "DummyMSRestApi.Data\DummyMSRestApi.Data.csproj", "{9AF6DFDF-A4DB-463F-9143-108C2275D0BF}"
EndProject
Project("{FAE04EC0-301F-11D3-BF4B-00C04F79EFBC}") = "DummyMSRestApi.Core", "DummyMSRestApi.Core\DummyMSRestApi.Core.csproj", "{AD3AA9A4-4B8D-402E-87CD-CF14B23E3C29}"
EndProject
Global
	GlobalSection(SolutionConfigurationPlatforms) = preSolution
		Debug|Any CPU = Debug|Any CPU
		Release|Any CPU = Release|Any CPU
	EndGlobalSection
	GlobalSection(ProjectConfigurationPlatforms) = postSolution
		{439242BC-117E-450D-B452-72FBCDE20A8C}.Debug|Any CPU.ActiveCfg = Debug|Any CPU
		{439242BC-117E-450D-B452-72FBCDE20A8C}.Debug|Any CPU.Build.0 = Debug|Any CPU
		{439242BC-117E-450D-B452-72FBCDE20A8C}.Release|Any CPU.ActiveCfg = Release|Any CPU
		{439242BC-117E-450D-B452-72FBCDE20A8C}.Release|Any CPU.Build.0 = Release|Any CPU
		{9AF6DFDF-A4DB-463F-9143-108C2275D0BF}.Debug|Any CPU.ActiveCfg = Debug|Any CPU
		{9AF6DFDF-A4DB-463F-9143-108C2275D0BF}.Debug|Any CPU.Build.0 = Debug|Any CPU
		{9AF6DFDF-A4DB-463F-9143-108C2275D0BF}.Release|Any CPU.ActiveCfg = Release|Any CPU
		{9AF6DFDF-A4DB-463F-9143-108C2275D0BF}.Release|Any CPU.Build.0 = Release|Any CPU
		{AD3AA9A4-4B8D-402E-87CD-CF14B23E3C29}.Debug|Any CPU.ActiveCfg = Debug|Any CPU
		{AD3AA9A4-4B8D-402E-87CD-CF14B23E3C29}.Debug|Any CPU.Build.0 = Debug|Any CPU
		{AD3AA9A4-4B8D-402E-87CD-CF14B23E3C29}.Release|Any CPU.ActiveCfg = Release|Any CPU
		{AD3AA9A4-4B8D-402E-87CD-CF14B23E3C29}.Release|Any CPU.Build.0 = Release|Any CPU
	EndGlobalSection
	GlobalSection(SolutionProperties) = preSolution
		HideSolutionNode = FALSE
	EndGlobalSection
	GlobalSection(ExtensibilityGlobals) = postSolution
		SolutionGuid = {5C3650B8-7F5A-49E8-AE7B-5006BBB5B6D6}
	EndGlobalSection
EndGlobal
